
Microsoft Visual Studio Solution File, Format Version 12.00
# Visual Studio Version 17
VisualStudioVersion = 17.9.34622.214
MinimumVisualStudioVersion = 10.0.40219.1
Project("{FAE04EC0-301F-11D3-BF4B-00C04F79EFBC}") = "EFCustomerService", "EFCustomerService\EFCustomerService.csproj", "{98C5996E-C220-4534-ADF9-21FFCA18D682}"
EndProject
Global
	GlobalSection(SolutionConfigurationPlatforms) = preSolution
		Debug|Any CPU = Debug|Any CPU
		Release|Any CPU = Release|Any CPU
	EndGlobalSection
	GlobalSection(ProjectConfigurationPlatforms) = postSolution
		{98C5996E-C220-4534-ADF9-21FFCA18D682}.Debug|Any CPU.ActiveCfg = Debug|Any CPU
		{98C5996E-C220-4534-ADF9-21FFCA18D682}.Debug|Any CPU.Build.0 = Debug|Any CPU
		{98C5996E-C220-4534-ADF9-21FFCA18D682}.Release|Any CPU.ActiveCfg = Release|Any CPU
		{98C5996E-C220-4534-ADF9-21FFCA18D682}.Release|Any CPU.Build.0 = Release|Any CPU
	EndGlobalSection
	GlobalSection(SolutionProperties) = preSolution
		HideSolutionNode = FALSE
	EndGlobalSection
	GlobalSection(ExtensibilityGlobals) = postSolution
		SolutionGuid = {814A0F73-5787-4CC8-9680-DAB3D0A0A38F}
	EndGlobalSection
EndGlobal
